{
    "name": "extension-vue",
    "version": "1.0.0",
    "lockfileVersion": 3,
    "requires": true,
    "packages": {
        "": {
            "name": "extension-vue",
            "version": "1.0.0",
            "dependencies": {
                "fs-extra": "^10.0.0",
                "vue": "^3.1.4"
            },
            "devDependencies": {
                "@types/fs-extra": "^9.0.5",
                "@types/node": "^16.0.1",
                "typescript": "^4.3.4"
            }
        },
        "node_modules/@babel/parser": {
            "version": "7.21.3",
            "license": "MIT",
            "bin": {
                "parser": "bin/babel-parser.js"
            },
            "engines": {
                "node": ">=6.0.0"
            }
        },
        "node_modules/@types/fs-extra": {
            "version": "9.0.13",
            "resolved": "https://registry.npmmirror.com/@types/fs-extra/-/fs-extra-9.0.13.tgz",
            "integrity": "sha512-nEnwB++1u5lVDM2UI4c1+5R+FYaKfaAzS4OococimjVm3nQw3TuzH5UNsocrcTBbhnerblyHj4A49qXbIiZdpA==",
            "dev": true,
            "dependencies": {
                "@types/node": "*"
            }
        },
        "node_modules/@types/node": {
            "version": "16.18.36",
            "resolved": "https://registry.npmmirror.com/@types/node/-/node-16.18.36.tgz",
            "integrity": "sha512-8egDX8dE50XyXWH6C6PRCNkTP106DuUrvdrednFouDSmCi7IOvrqr0frznfZaHifHH/3aq/7a7v9N4wdXMqhBQ==",
            "dev": true
        },
        "node_modules/@vue/compiler-core": {
            "version": "3.2.47",
            "license": "MIT",
            "dependencies": {
                "@babel/parser": "^7.16.4",
                "@vue/shared": "3.2.47",
                "estree-walker": "^2.0.2",
                "source-map": "^0.6.1"
            }
        },
        "node_modules/@vue/compiler-dom": {
            "version": "3.2.47",
            "license": "MIT",
            "dependencies": {
                "@vue/compiler-core": "3.2.47",
                "@vue/shared": "3.2.47"
            }
        },
        "node_modules/@vue/compiler-sfc": {
            "version": "3.2.47",
            "license": "MIT",
            "dependencies": {
                "@babel/parser": "^7.16.4",
                "@vue/compiler-core": "3.2.47",
                "@vue/compiler-dom": "3.2.47",
                "@vue/compiler-ssr": "3.2.47",
                "@vue/reactivity-transform": "3.2.47",
                "@vue/shared": "3.2.47",
                "estree-walker": "^2.0.2",
                "magic-string": "^0.25.7",
                "postcss": "^8.1.10",
                "source-map": "^0.6.1"
            }
        },
        "node_modules/@vue/compiler-ssr": {
            "version": "3.2.47",
            "license": "MIT",
            "dependencies": {
                "@vue/compiler-dom": "3.2.47",
                "@vue/shared": "3.2.47"
            }
        },
        "node_modules/@vue/reactivity": {
            "version": "3.2.47",
            "license": "MIT",
            "dependencies": {
                "@vue/shared": "3.2.47"
            }
        },
        "node_modules/@vue/reactivity-transform": {
            "version": "3.2.47",
            "license": "MIT",
            "dependencies": {
                "@babel/parser": "^7.16.4",
                "@vue/compiler-core": "3.2.47",
                "@vue/shared": "3.2.47",
                "estree-walker": "^2.0.2",
                "magic-string": "^0.25.7"
            }
        },
        "node_modules/@vue/runtime-core": {
            "version": "3.2.47",
            "license": "MIT",
            "dependencies": {
                "@vue/reactivity": "3.2.47",
                "@vue/shared": "3.2.47"
            }
        },
        "node_modules/@vue/runtime-dom": {
            "version": "3.2.47",
            "license": "MIT",
            "dependencies": {
                "@vue/runtime-core": "3.2.47",
                "@vue/shared": "3.2.47",
                "csstype": "^2.6.8"
            }
        },
        "node_modules/@vue/server-renderer": {
            "version": "3.2.47",
            "license": "MIT",
            "dependencies": {
                "@vue/compiler-ssr": "3.2.47",
                "@vue/shared": "3.2.47"
            },
            "peerDependencies": {
                "vue": "3.2.47"
            }
        },
        "node_modules/@vue/shared": {
            "version": "3.2.47",
            "license": "MIT"
        },
        "node_modules/csstype": {
            "version": "2.6.21",
            "license": "MIT"
        },
        "node_modules/estree-walker": {
            "version": "2.0.2",
            "license": "MIT"
        },
        "node_modules/fs-extra": {
            "version": "10.1.0",
            "license": "MIT",
            "dependencies": {
                "graceful-fs": "^4.2.0",
                "jsonfile": "^6.0.1",
                "universalify": "^2.0.0"
            },
            "engines": {
                "node": ">=12"
            }
        },
        "node_modules/graceful-fs": {
            "version": "4.2.11",
            "license": "ISC"
        },
        "node_modules/jsonfile": {
            "version": "6.1.0",
            "license": "MIT",
            "dependencies": {
                "universalify": "^2.0.0"
            },
            "optionalDependencies": {
                "graceful-fs": "^4.1.6"
            }
        },
        "node_modules/magic-string": {
            "version": "0.25.9",
            "license": "MIT",
            "dependencies": {
                "sourcemap-codec": "^1.4.8"
            }
        },
        "node_modules/nanoid": {
            "version": "3.3.4",
            "license": "MIT",
            "bin": {
                "nanoid": "bin/nanoid.cjs"
            },
            "engines": {
                "node": "^10 || ^12 || ^13.7 || ^14 || >=15.0.1"
            }
        },
        "node_modules/picocolors": {
            "version": "1.0.0",
            "license": "ISC"
        },
        "node_modules/postcss": {
            "version": "8.4.21",
            "funding": [
                {
                    "type": "opencollective",
                    "url": "https://opencollective.com/postcss/"
                },
                {
                    "type": "tidelift",
                    "url": "https://tidelift.com/funding/github/npm/postcss"
                }
            ],
            "license": "MIT",
            "dependencies": {
                "nanoid": "^3.3.4",
                "picocolors": "^1.0.0",
                "source-map-js": "^1.0.2"
            },
            "engines": {
                "node": "^10 || ^12 || >=14"
            }
        },
        "node_modules/source-map": {
            "version": "0.6.1",
            "license": "BSD-3-Clause",
            "engines": {
                "node": ">=0.10.0"
            }
        },
        "node_modules/source-map-js": {
            "version": "1.0.2",
            "license": "BSD-3-Clause",
            "engines": {
                "node": ">=0.10.0"
            }
        },
        "node_modules/sourcemap-codec": {
            "version": "1.4.8",
            "license": "MIT"
        },
        "node_modules/typescript": {
            "version": "4.9.5",
            "resolved": "https://registry.npmmirror.com/typescript/-/typescript-4.9.5.tgz",
            "integrity": "sha512-1FXk9E2Hm+QzZQ7z+McJiHL4NW1F2EzMu9Nq9i3zAaGqibafqYwCVU6WyWAuyQRRzOlxou8xZSyXLEN8oKj24g==",
            "dev": true,
            "bin": {
                "tsc": "bin/tsc",
                "tsserver": "bin/tsserver"
            },
            "engines": {
                "node": ">=4.2.0"
            }
        },
        "node_modules/universalify": {
            "version": "2.0.0",
            "license": "MIT",
            "engines": {
                "node": ">= 10.0.0"
            }
        },
        "node_modules/vue": {
            "version": "3.2.47",
            "license": "MIT",
            "dependencies": {
                "@vue/compiler-dom": "3.2.47",
                "@vue/compiler-sfc": "3.2.47",
                "@vue/runtime-dom": "3.2.47",
                "@vue/server-renderer": "3.2.47",
                "@vue/shared": "3.2.47"
            }
        }
    }
}
